
Microsoft Visual Studio Solution File, Format Version 12.00
# Visual Studio Version 16
VisualStudioVersion = 16.0.31321.278
MinimumVisualStudioVersion = 10.0.40219.1
Project("{FAE04EC0-301F-11D3-BF4B-00C04F79EFBC}") = "Forecaser", "Forecaser\Forecaser.csproj", "{F2E0D2B7-40EF-472E-B93C-A01FA7449AB5}"
EndProject
Project("{54435603-DBB4-11D2-8724-00A0C9A8B90C}") = "Forcaster", "Forcaster\Forcaster.vdproj", "{AB8D8F16-4891-4A29-95AC-5AFF39B64939}"
EndProject
Global
	GlobalSection(SolutionConfigurationPlatforms) = preSolution
		Debug|Any CPU = Debug|Any CPU
		Release|Any CPU = Release|Any CPU
	EndGlobalSection
	GlobalSection(ProjectConfigurationPlatforms) = postSolution
		{F2E0D2B7-40EF-472E-B93C-A01FA7449AB5}.Debug|Any CPU.ActiveCfg = Debug|Any CPU
		{F2E0D2B7-40EF-472E-B93C-A01FA7449AB5}.Debug|Any CPU.Build.0 = Debug|Any CPU
		{F2E0D2B7-40EF-472E-B93C-A01FA7449AB5}.Release|Any CPU.ActiveCfg = Release|Any CPU
		{F2E0D2B7-40EF-472E-B93C-A01FA7449AB5}.Release|Any CPU.Build.0 = Release|Any CPU
		{AB8D8F16-4891-4A29-95AC-5AFF39B64939}.Debug|Any CPU.ActiveCfg = Debug
		{AB8D8F16-4891-4A29-95AC-5AFF39B64939}.Release|Any CPU.ActiveCfg = Release
	EndGlobalSection
	GlobalSection(SolutionProperties) = preSolution
		HideSolutionNode = FALSE
	EndGlobalSection
	GlobalSection(ExtensibilityGlobals) = postSolution
		SolutionGuid = {B31412D7-249A-41F0-A642-23F7119BA43B}
	EndGlobalSection
EndGlobal
